
Microsoft Visual Studio Solution File, Format Version 12.00
# Visual Studio 15
VisualStudioVersion = 15.0.26403.0
MinimumVisualStudioVersion = 10.0.40219.1
Project("{FAE04EC0-301F-11D3-BF4B-00C04F79EFBC}") = "Compendium.Core", "src\Compendium.Core\Compendium.Core.csproj", "{749FCB52-C59E-49EE-896C-93FA1E9319E3}"
EndProject
Project("{FAE04EC0-301F-11D3-BF4B-00C04F79EFBC}") = "Compendium.Api", "src\Compendium.Api\Compendium.Api.csproj", "{DF1EE47F-77E3-4877-9CEB-907C20182A45}"
EndProject
Project("{FAE04EC0-301F-11D3-BF4B-00C04F79EFBC}") = "Compendium.Web", "src\Compendium.Web\Compendium.Web.csproj", "{6FDE4DCF-7576-4E57-B3A6-328B44B0B7A8}"
EndProject
Project("{2150E333-8FDC-42A3-9474-1A3956D46DE8}") = "Meta", "Meta", "{3B0648EF-854C-44B1-868E-4D05E25EE8A7}"
	ProjectSection(SolutionItems) = preProject
		.gitignore = .gitignore
		README.md = README.md
	EndProjectSection
EndProject
Global
	GlobalSection(SolutionConfigurationPlatforms) = preSolution
		Debug|Any CPU = Debug|Any CPU
		Release|Any CPU = Release|Any CPU
	EndGlobalSection
	GlobalSection(ProjectConfigurationPlatforms) = postSolution
		{749FCB52-C59E-49EE-896C-93FA1E9319E3}.Debug|Any CPU.ActiveCfg = Debug|Any CPU
		{749FCB52-C59E-49EE-896C-93FA1E9319E3}.Debug|Any CPU.Build.0 = Debug|Any CPU
		{749FCB52-C59E-49EE-896C-93FA1E9319E3}.Release|Any CPU.ActiveCfg = Release|Any CPU
		{749FCB52-C59E-49EE-896C-93FA1E9319E3}.Release|Any CPU.Build.0 = Release|Any CPU
		{DF1EE47F-77E3-4877-9CEB-907C20182A45}.Debug|Any CPU.ActiveCfg = Debug|Any CPU
		{DF1EE47F-77E3-4877-9CEB-907C20182A45}.Debug|Any CPU.Build.0 = Debug|Any CPU
		{DF1EE47F-77E3-4877-9CEB-907C20182A45}.Release|Any CPU.ActiveCfg = Release|Any CPU
		{DF1EE47F-77E3-4877-9CEB-907C20182A45}.Release|Any CPU.Build.0 = Release|Any CPU
		{6FDE4DCF-7576-4E57-B3A6-328B44B0B7A8}.Debug|Any CPU.ActiveCfg = Debug|Any CPU
		{6FDE4DCF-7576-4E57-B3A6-328B44B0B7A8}.Debug|Any CPU.Build.0 = Debug|Any CPU
		{6FDE4DCF-7576-4E57-B3A6-328B44B0B7A8}.Release|Any CPU.ActiveCfg = Release|Any CPU
		{6FDE4DCF-7576-4E57-B3A6-328B44B0B7A8}.Release|Any CPU.Build.0 = Release|Any CPU
	EndGlobalSection
	GlobalSection(SolutionProperties) = preSolution
		HideSolutionNode = FALSE
	EndGlobalSection
EndGlobal
